// !$*UTF8*$!
{
	archiveVersion = 1;
	classes = {
	};
	objectVersion = 56;
	objects = {

/* Begin PBXBuildFile section */
		A92C23E9293AC06E0095C1B5 /* BetView.swift in Sources */ = {isa = PBXBuildFile; fileRef = A92C23E8293AC06E0095C1B5 /* BetView.swift */; };
		A97F17AF293A1B770012C938 /* NovibetApp.swift in Sources */ = {isa = PBXBuildFile; fileRef = A97F17AE293A1B770012C938 /* NovibetApp.swift */; };
		A97F17B1293A1B770012C938 /* ContentView.swift in Sources */ = {isa = PBXBuildFile; fileRef = A97F17B0293A1B770012C938 /* ContentView.swift */; };
		A97F17B3293A1B770012C938 /* Assets.xcassets in Resources */ = {isa = PBXBuildFile; fileRef = A97F17B2293A1B770012C938 /* Assets.xcassets */; };
		A97F17B6293A1B770012C938 /* Preview Assets.xcassets in Resources */ = {isa = PBXBuildFile; fileRef = A97F17B5293A1B770012C938 /* Preview Assets.xcassets */; };
		A97F17C0293A1B770012C938 /* NovibetTests.swift in Sources */ = {isa = PBXBuildFile; fileRef = A97F17BF293A1B770012C938 /* NovibetTests.swift */; };
		A97F17CA293A1B770012C938 /* NovibetUITests.swift in Sources */ = {isa = PBXBuildFile; fileRef = A97F17C9293A1B770012C938 /* NovibetUITests.swift */; };
		A97F17CC293A1B770012C938 /* NovibetUITestsLaunchTests.swift in Sources */ = {isa = PBXBuildFile; fileRef = A97F17CB293A1B770012C938 /* NovibetUITestsLaunchTests.swift */; };
		A97F17E6293A20D80012C938 /* Color+.swift in Sources */ = {isa = PBXBuildFile; fileRef = A97F17E5293A20D80012C938 /* Color+.swift */; };
		A97F17E8293A22C40012C938 /* LoginView.swift in Sources */ = {isa = PBXBuildFile; fileRef = A97F17E7293A22C40012C938 /* LoginView.swift */; };
		A97F17EA293A25AD0012C938 /* LogoTopBar.swift in Sources */ = {isa = PBXBuildFile; fileRef = A97F17E9293A25AD0012C938 /* LogoTopBar.swift */; };
		A97F17EC293A25DD0012C938 /* Image+.swift in Sources */ = {isa = PBXBuildFile; fileRef = A97F17EB293A25DD0012C938 /* Image+.swift */; };
		A97F17EF293A26170012C938 /* AssetsEnum.swift in Sources */ = {isa = PBXBuildFile; fileRef = A97F17EE293A26170012C938 /* AssetsEnum.swift */; };
		A97F17F1293A279E0012C938 /* CGFloat+.swift in Sources */ = {isa = PBXBuildFile; fileRef = A97F17F0293A279E0012C938 /* CGFloat+.swift */; };
		A97F17F3293A27E30012C938 /* PaddingsEnum.swift in Sources */ = {isa = PBXBuildFile; fileRef = A97F17F2293A27E30012C938 /* PaddingsEnum.swift */; };
		A97F17F5293A284B0012C938 /* FontSizesEnum.swift in Sources */ = {isa = PBXBuildFile; fileRef = A97F17F4293A284B0012C938 /* FontSizesEnum.swift */; };
		A97F17F7293A288A0012C938 /* CornerRadiusEnum.swift in Sources */ = {isa = PBXBuildFile; fileRef = A97F17F6293A288A0012C938 /* CornerRadiusEnum.swift */; };
		A97F17F9293A28F50012C938 /* HeightsEnum.swift in Sources */ = {isa = PBXBuildFile; fileRef = A97F17F8293A28F50012C938 /* HeightsEnum.swift */; };
		A97F17FB293A29370012C938 /* WidthsEnum.swift in Sources */ = {isa = PBXBuildFile; fileRef = A97F17FA293A29370012C938 /* WidthsEnum.swift */; };
		A97F17FE293A29DA0012C938 /* PaddingModifier.swift in Sources */ = {isa = PBXBuildFile; fileRef = A97F17FD293A29DA0012C938 /* PaddingModifier.swift */; };
		A97F1800293A2A0B0012C938 /* CornerRadiusModifier.swift in Sources */ = {isa = PBXBuildFile; fileRef = A97F17FF293A2A0B0012C938 /* CornerRadiusModifier.swift */; };
		A97F1803293A2F0A0012C938 /* BaseTextField.swift in Sources */ = {isa = PBXBuildFile; fileRef = A97F1802293A2F0A0012C938 /* BaseTextField.swift */; };
		A97F1805293A32EE0012C938 /* FontFamilyEnum.swift in Sources */ = {isa = PBXBuildFile; fileRef = A97F1804293A32EE0012C938 /* FontFamilyEnum.swift */; };
		A97F1807293A330F0012C938 /* FontModifier.swift in Sources */ = {isa = PBXBuildFile; fileRef = A97F1806293A330F0012C938 /* FontModifier.swift */; };
		A97F1809293A4EFF0012C938 /* Text+.swift in Sources */ = {isa = PBXBuildFile; fileRef = A97F1808293A4EFF0012C938 /* Text+.swift */; };
		A97F180B293A4F490012C938 /* TextEnum.swift in Sources */ = {isa = PBXBuildFile; fileRef = A97F180A293A4F490012C938 /* TextEnum.swift */; };
		A97F180D293A5AB60012C938 /* Double+.swift in Sources */ = {isa = PBXBuildFile; fileRef = A97F180C293A5AB60012C938 /* Double+.swift */; };
		A97F180F293A5AC50012C938 /* OpacityEnum.swift in Sources */ = {isa = PBXBuildFile; fileRef = A97F180E293A5AC50012C938 /* OpacityEnum.swift */; };
		A97F1811293A5B070012C938 /* OpacityModifier.swift in Sources */ = {isa = PBXBuildFile; fileRef = A97F1810293A5B070012C938 /* OpacityModifier.swift */; };
		A97F1813293A69210012C938 /* LoginVM.swift in Sources */ = {isa = PBXBuildFile; fileRef = A97F1812293A69210012C938 /* LoginVM.swift */; };
		A97F1815293A6EF10012C938 /* TextFieldValidator.swift in Sources */ = {isa = PBXBuildFile; fileRef = A97F1814293A6EF10012C938 /* TextFieldValidator.swift */; };
		A97F1817293A6F480012C938 /* Constants.swift in Sources */ = {isa = PBXBuildFile; fileRef = A97F1816293A6F480012C938 /* Constants.swift */; };
		A97F181A293A78ED0012C938 /* Alamofire in Frameworks */ = {isa = PBXBuildFile; productRef = A97F1819293A78ED0012C938 /* Alamofire */; };
		A97F181C293A7B230012C938 /* APIManager.swift in Sources */ = {isa = PBXBuildFile; fileRef = A97F181B293A7B230012C938 /* APIManager.swift */; };
		A97F181F293A7BBC0012C938 /* LoginModel.swift in Sources */ = {isa = PBXBuildFile; fileRef = A97F181E293A7BBC0012C938 /* LoginModel.swift */; };
		A97F1821293A7C5C0012C938 /* LoginResponseModel.swift in Sources */ = {isa = PBXBuildFile; fileRef = A97F1820293A7C5C0012C938 /* LoginResponseModel.swift */; };
		A97F1823293A7E190012C938 /* NetworkError.swift in Sources */ = {isa = PBXBuildFile; fileRef = A97F1822293A7E190012C938 /* NetworkError.swift */; };
		A9E14F6C293B97A500F1F6D8 /* HeadlineContainer.swift in Sources */ = {isa = PBXBuildFile; fileRef = A9E14F6B293B97A500F1F6D8 /* HeadlineContainer.swift */; };
		A9E14F6E293B98DC00F1F6D8 /* BaseProbContainer.swift in Sources */ = {isa = PBXBuildFile; fileRef = A9E14F6D293B98DC00F1F6D8 /* BaseProbContainer.swift */; };
		A9E14F70293BA3A000F1F6D8 /* PageIndicator.swift in Sources */ = {isa = PBXBuildFile; fileRef = A9E14F6F293BA3A000F1F6D8 /* PageIndicator.swift */; };
		A9E14F72293BAC7200F1F6D8 /* GameContainer.swift in Sources */ = {isa = PBXBuildFile; fileRef = A9E14F71293BAC7200F1F6D8 /* GameContainer.swift */; };
		A9E14F74293BB4CC00F1F6D8 /* GameHeader.swift in Sources */ = {isa = PBXBuildFile; fileRef = A9E14F73293BB4CC00F1F6D8 /* GameHeader.swift */; };
		A9ED636F293BCE2F00082445 /* BetVM.swift in Sources */ = {isa = PBXBuildFile; fileRef = A9ED636E293BCE2F00082445 /* BetVM.swift */; };
		A9ED637A293BD27500082445 /* HeadlineModel.swift in Sources */ = {isa = PBXBuildFile; fileRef = A9ED6379293BD27500082445 /* HeadlineModel.swift */; };
		A9ED6381293BD97900082445 /* GameModel.swift in Sources */ = {isa = PBXBuildFile; fileRef = A9ED6380293BD97900082445 /* GameModel.swift */; };
/* End PBXBuildFile section */

/* Begin PBXContainerItemProxy section */
		A97F17BC293A1B770012C938 /* PBXContainerItemProxy */ = {
			isa = PBXContainerItemProxy;
			containerPortal = A97F17A3293A1B760012C938 /* Project object */;
			proxyType = 1;
			remoteGlobalIDString = A97F17AA293A1B770012C938;
			remoteInfo = Novibet;
		};
		A97F17C6293A1B770012C938 /* PBXContainerItemProxy */ = {
			isa = PBXContainerItemProxy;
			containerPortal = A97F17A3293A1B760012C938 /* Project object */;
			proxyType = 1;
			remoteGlobalIDString = A97F17AA293A1B770012C938;
			remoteInfo = Novibet;
		};
/* End PBXContainerItemProxy section */

/* Begin PBXFileReference section */
		A92C23E8293AC06E0095C1B5 /* BetView.swift */ = {isa = PBXFileReference; lastKnownFileType = sourcecode.swift; path = BetView.swift; sourceTree = "<group>"; };
		A97F17AB293A1B770012C938 /* Novibet.app */ = {isa = PBXFileReference; explicitFileType = wrapper.application; includeInIndex = 0; path = Novibet.app; sourceTree = BUILT_PRODUCTS_DIR; };
		A97F17AE293A1B770012C938 /* NovibetApp.swift */ = {isa = PBXFileReference; lastKnownFileType = sourcecode.swift; path = NovibetApp.swift; sourceTree = "<group>"; };
		A97F17B0293A1B770012C938 /* ContentView.swift */ = {isa = PBXFileReference; lastKnownFileType = sourcecode.swift; path = ContentView.swift; sourceTree = "<group>"; };
		A97F17B2293A1B770012C938 /* Assets.xcassets */ = {isa = PBXFileReference; lastKnownFileType = folder.assetcatalog; path = Assets.xcassets; sourceTree = "<group>"; };
		A97F17B5293A1B770012C938 /* Preview Assets.xcassets */ = {isa = PBXFileReference; lastKnownFileType = folder.assetcatalog; path = "Preview Assets.xcassets"; sourceTree = "<group>"; };
		A97F17BB293A1B770012C938 /* NovibetTests.xctest */ = {isa = PBXFileReference; explicitFileType = wrapper.cfbundle; includeInIndex = 0; path = NovibetTests.xctest; sourceTree = BUILT_PRODUCTS_DIR; };
		A97F17BF293A1B770012C938 /* NovibetTests.swift */ = {isa = PBXFileReference; lastKnownFileType = sourcecode.swift; path = NovibetTests.swift; sourceTree = "<group>"; };
		A97F17C5293A1B770012C938 /* NovibetUITests.xctest */ = {isa = PBXFileReference; explicitFileType = wrapper.cfbundle; includeInIndex = 0; path = NovibetUITests.xctest; sourceTree = BUILT_PRODUCTS_DIR; };
		A97F17C9293A1B770012C938 /* NovibetUITests.swift */ = {isa = PBXFileReference; lastKnownFileType = sourcecode.swift; path = NovibetUITests.swift; sourceTree = "<group>"; };
		A97F17CB293A1B770012C938 /* NovibetUITestsLaunchTests.swift */ = {isa = PBXFileReference; lastKnownFileType = sourcecode.swift; path = NovibetUITestsLaunchTests.swift; sourceTree = "<group>"; };
		A97F17E5293A20D80012C938 /* Color+.swift */ = {isa = PBXFileReference; lastKnownFileType = sourcecode.swift; path = "Color+.swift"; sourceTree = "<group>"; };
		A97F17E7293A22C40012C938 /* LoginView.swift */ = {isa = PBXFileReference; lastKnownFileType = sourcecode.swift; path = LoginView.swift; sourceTree = "<group>"; };
		A97F17E9293A25AD0012C938 /* LogoTopBar.swift */ = {isa = PBXFileReference; lastKnownFileType = sourcecode.swift; path = LogoTopBar.swift; sourceTree = "<group>"; };
		A97F17EB293A25DD0012C938 /* Image+.swift */ = {isa = PBXFileReference; lastKnownFileType = sourcecode.swift; path = "Image+.swift"; sourceTree = "<group>"; };
		A97F17EE293A26170012C938 /* AssetsEnum.swift */ = {isa = PBXFileReference; lastKnownFileType = sourcecode.swift; path = AssetsEnum.swift; sourceTree = "<group>"; };
		A97F17F0293A279E0012C938 /* CGFloat+.swift */ = {isa = PBXFileReference; lastKnownFileType = sourcecode.swift; path = "CGFloat+.swift"; sourceTree = "<group>"; };
		A97F17F2293A27E30012C938 /* PaddingsEnum.swift */ = {isa = PBXFileReference; lastKnownFileType = sourcecode.swift; path = PaddingsEnum.swift; sourceTree = "<group>"; };
		A97F17F4293A284B0012C938 /* FontSizesEnum.swift */ = {isa = PBXFileReference; lastKnownFileType = sourcecode.swift; path = FontSizesEnum.swift; sourceTree = "<group>"; };
		A97F17F6293A288A0012C938 /* CornerRadiusEnum.swift */ = {isa = PBXFileReference; lastKnownFileType = sourcecode.swift; path = CornerRadiusEnum.swift; sourceTree = "<group>"; };
		A97F17F8293A28F50012C938 /* HeightsEnum.swift */ = {isa = PBXFileReference; lastKnownFileType = sourcecode.swift; path = HeightsEnum.swift; sourceTree = "<group>"; };
		A97F17FA293A29370012C938 /* WidthsEnum.swift */ = {isa = PBXFileReference; lastKnownFileType = sourcecode.swift; path = WidthsEnum.swift; sourceTree = "<group>"; };
		A97F17FD293A29DA0012C938 /* PaddingModifier.swift */ = {isa = PBXFileReference; lastKnownFileType = sourcecode.swift; path = PaddingModifier.swift; sourceTree = "<group>"; };
		A97F17FF293A2A0B0012C938 /* CornerRadiusModifier.swift */ = {isa = PBXFileReference; lastKnownFileType = sourcecode.swift; path = CornerRadiusModifier.swift; sourceTree = "<group>"; };
		A97F1802293A2F0A0012C938 /* BaseTextField.swift */ = {isa = PBXFileReference; lastKnownFileType = sourcecode.swift; path = BaseTextField.swift; sourceTree = "<group>"; };
		A97F1804293A32EE0012C938 /* FontFamilyEnum.swift */ = {isa = PBXFileReference; lastKnownFileType = sourcecode.swift; path = FontFamilyEnum.swift; sourceTree = "<group>"; };
		A97F1806293A330F0012C938 /* FontModifier.swift */ = {isa = PBXFileReference; lastKnownFileType = sourcecode.swift; path = FontModifier.swift; sourceTree = "<group>"; };
		A97F1808293A4EFF0012C938 /* Text+.swift */ = {isa = PBXFileReference; lastKnownFileType = sourcecode.swift; path = "Text+.swift"; sourceTree = "<group>"; };
		A97F180A293A4F490012C938 /* TextEnum.swift */ = {isa = PBXFileReference; lastKnownFileType = sourcecode.swift; path = TextEnum.swift; sourceTree = "<group>"; };
		A97F180C293A5AB60012C938 /* Double+.swift */ = {isa = PBXFileReference; lastKnownFileType = sourcecode.swift; path = "Double+.swift"; sourceTree = "<group>"; };
		A97F180E293A5AC50012C938 /* OpacityEnum.swift */ = {isa = PBXFileReference; lastKnownFileType = sourcecode.swift; path = OpacityEnum.swift; sourceTree = "<group>"; };
		A97F1810293A5B070012C938 /* OpacityModifier.swift */ = {isa = PBXFileReference; lastKnownFileType = sourcecode.swift; path = OpacityModifier.swift; sourceTree = "<group>"; };
		A97F1812293A69210012C938 /* LoginVM.swift */ = {isa = PBXFileReference; lastKnownFileType = sourcecode.swift; path = LoginVM.swift; sourceTree = "<group>"; };
		A97F1814293A6EF10012C938 /* TextFieldValidator.swift */ = {isa = PBXFileReference; lastKnownFileType = sourcecode.swift; path = TextFieldValidator.swift; sourceTree = "<group>"; };
		A97F1816293A6F480012C938 /* Constants.swift */ = {isa = PBXFileReference; lastKnownFileType = sourcecode.swift; path = Constants.swift; sourceTree = "<group>"; };
		A97F181B293A7B230012C938 /* APIManager.swift */ = {isa = PBXFileReference; lastKnownFileType = sourcecode.swift; path = APIManager.swift; sourceTree = "<group>"; };
		A97F181E293A7BBC0012C938 /* LoginModel.swift */ = {isa = PBXFileReference; lastKnownFileType = sourcecode.swift; path = LoginModel.swift; sourceTree = "<group>"; };
		A97F1820293A7C5C0012C938 /* LoginResponseModel.swift */ = {isa = PBXFileReference; lastKnownFileType = sourcecode.swift; path = LoginResponseModel.swift; sourceTree = "<group>"; };
		A97F1822293A7E190012C938 /* NetworkError.swift */ = {isa = PBXFileReference; lastKnownFileType = sourcecode.swift; path = NetworkError.swift; sourceTree = "<group>"; };
		A97F1824293A85890012C938 /* Info.plist */ = {isa = PBXFileReference; lastKnownFileType = text.plist; path = Info.plist; sourceTree = "<group>"; };
		A9E14F6B293B97A500F1F6D8 /* HeadlineContainer.swift */ = {isa = PBXFileReference; lastKnownFileType = sourcecode.swift; path = HeadlineContainer.swift; sourceTree = "<group>"; };
		A9E14F6D293B98DC00F1F6D8 /* BaseProbContainer.swift */ = {isa = PBXFileReference; lastKnownFileType = sourcecode.swift; path = BaseProbContainer.swift; sourceTree = "<group>"; };
		A9E14F6F293BA3A000F1F6D8 /* PageIndicator.swift */ = {isa = PBXFileReference; lastKnownFileType = sourcecode.swift; path = PageIndicator.swift; sourceTree = "<group>"; };
		A9E14F71293BAC7200F1F6D8 /* GameContainer.swift */ = {isa = PBXFileReference; lastKnownFileType = sourcecode.swift; path = GameContainer.swift; sourceTree = "<group>"; };
		A9E14F73293BB4CC00F1F6D8 /* GameHeader.swift */ = {isa = PBXFileReference; lastKnownFileType = sourcecode.swift; path = GameHeader.swift; sourceTree = "<group>"; };
		A9ED636E293BCE2F00082445 /* BetVM.swift */ = {isa = PBXFileReference; lastKnownFileType = sourcecode.swift; path = BetVM.swift; sourceTree = "<group>"; };
		A9ED6379293BD27500082445 /* HeadlineModel.swift */ = {isa = PBXFileReference; lastKnownFileType = sourcecode.swift; path = HeadlineModel.swift; sourceTree = "<group>"; };
		A9ED6380293BD97900082445 /* GameModel.swift */ = {isa = PBXFileReference; lastKnownFileType = sourcecode.swift; path = GameModel.swift; sourceTree = "<group>"; };
/* End PBXFileReference section */

/* Begin PBXFrameworksBuildPhase section */
		A97F17A8293A1B770012C938 /* Frameworks */ = {
			isa = PBXFrameworksBuildPhase;
			buildActionMask = 2147483647;
			files = (
				A97F181A293A78ED0012C938 /* Alamofire in Frameworks */,
			);
			runOnlyForDeploymentPostprocessing = 0;
		};
		A97F17B8293A1B770012C938 /* Frameworks */ = {
			isa = PBXFrameworksBuildPhase;
			buildActionMask = 2147483647;
			files = (
			);
			runOnlyForDeploymentPostprocessing = 0;
		};
		A97F17C2293A1B770012C938 /* Frameworks */ = {
			isa = PBXFrameworksBuildPhase;
			buildActionMask = 2147483647;
			files = (
			);
			runOnlyForDeploymentPostprocessing = 0;
		};
/* End PBXFrameworksBuildPhase section */

/* Begin PBXGroup section */
		A97F17A2293A1B760012C938 = {
			isa = PBXGroup;
			children = (
				A97F17AD293A1B770012C938 /* Novibet */,
				A97F17BE293A1B770012C938 /* NovibetTests */,
				A97F17C8293A1B770012C938 /* NovibetUITests */,
				A97F17AC293A1B770012C938 /* Products */,
			);
			sourceTree = "<group>";
		};
		A97F17AC293A1B770012C938 /* Products */ = {
			isa = PBXGroup;
			children = (
				A97F17AB293A1B770012C938 /* Novibet.app */,
				A97F17BB293A1B770012C938 /* NovibetTests.xctest */,
				A97F17C5293A1B770012C938 /* NovibetUITests.xctest */,
			);
			name = Products;
			sourceTree = "<group>";
		};
		A97F17AD293A1B770012C938 /* Novibet */ = {
			isa = PBXGroup;
			children = (
				A97F1824293A85890012C938 /* Info.plist */,
				A97F17AE293A1B770012C938 /* NovibetApp.swift */,
				A97F17B0293A1B770012C938 /* ContentView.swift */,
				A97F17FC293A29A60012C938 /* Modifiers */,
				A97F17ED293A25EA0012C938 /* Enums */,
				A97F17E4293A20C10012C938 /* Extensions */,
				A97F17DA293A1C110012C938 /* Data */,
				A97F181D293A7B9D0012C938 /* Models */,
				A97F17D9293A1BFF0012C938 /* ViewModels */,
				A97F17D8293A1BF00012C938 /* Views */,
				A97F17B2293A1B770012C938 /* Assets.xcassets */,
				A97F17B4293A1B770012C938 /* Preview Content */,
			);
			path = Novibet;
			sourceTree = "<group>";
		};
		A97F17B4293A1B770012C938 /* Preview Content */ = {
			isa = PBXGroup;
			children = (
				A97F17B5293A1B770012C938 /* Preview Assets.xcassets */,
			);
			path = "Preview Content";
			sourceTree = "<group>";
		};
		A97F17BE293A1B770012C938 /* NovibetTests */ = {
			isa = PBXGroup;
			children = (
				A97F17BF293A1B770012C938 /* NovibetTests.swift */,
			);
			path = NovibetTests;
			sourceTree = "<group>";
		};
		A97F17C8293A1B770012C938 /* NovibetUITests */ = {
			isa = PBXGroup;
			children = (
				A97F17C9293A1B770012C938 /* NovibetUITests.swift */,
				A97F17CB293A1B770012C938 /* NovibetUITestsLaunchTests.swift */,
			);
			path = NovibetUITests;
			sourceTree = "<group>";
		};
		A97F17D8293A1BF00012C938 /* Views */ = {
			isa = PBXGroup;
			children = (
				A97F1801293A2EEF0012C938 /* BaseComponents */,
				A97F17E7293A22C40012C938 /* LoginView.swift */,
				A92C23E8293AC06E0095C1B5 /* BetView.swift */,
			);
			path = Views;
			sourceTree = "<group>";
		};
		A97F17D9293A1BFF0012C938 /* ViewModels */ = {
			isa = PBXGroup;
			children = (
				A97F1812293A69210012C938 /* LoginVM.swift */,
				A9ED636E293BCE2F00082445 /* BetVM.swift */,
			);
			path = ViewModels;
			sourceTree = "<group>";
		};
		A97F17DA293A1C110012C938 /* Data */ = {
			isa = PBXGroup;
			children = (
				A97F1816293A6F480012C938 /* Constants.swift */,
				A97F181B293A7B230012C938 /* APIManager.swift */,
				A97F1822293A7E190012C938 /* NetworkError.swift */,
			);
			path = Data;
			sourceTree = "<group>";
		};
		A97F17E4293A20C10012C938 /* Extensions */ = {
			isa = PBXGroup;
			children = (
				A97F17E5293A20D80012C938 /* Color+.swift */,
				A97F17EB293A25DD0012C938 /* Image+.swift */,
				A97F17F0293A279E0012C938 /* CGFloat+.swift */,
				A97F1808293A4EFF0012C938 /* Text+.swift */,
				A97F180C293A5AB60012C938 /* Double+.swift */,
				A97F1814293A6EF10012C938 /* TextFieldValidator.swift */,
			);
			path = Extensions;
			sourceTree = "<group>";
		};
		A97F17ED293A25EA0012C938 /* Enums */ = {
			isa = PBXGroup;
			children = (
				A97F17EE293A26170012C938 /* AssetsEnum.swift */,
				A97F17F2293A27E30012C938 /* PaddingsEnum.swift */,
				A97F17F4293A284B0012C938 /* FontSizesEnum.swift */,
				A97F17F6293A288A0012C938 /* CornerRadiusEnum.swift */,
				A97F17F8293A28F50012C938 /* HeightsEnum.swift */,
				A97F17FA293A29370012C938 /* WidthsEnum.swift */,
				A97F1804293A32EE0012C938 /* FontFamilyEnum.swift */,
				A97F180A293A4F490012C938 /* TextEnum.swift */,
				A97F180E293A5AC50012C938 /* OpacityEnum.swift */,
			);
			path = Enums;
			sourceTree = "<group>";
		};
		A97F17FC293A29A60012C938 /* Modifiers */ = {
			isa = PBXGroup;
			children = (
				A97F17FD293A29DA0012C938 /* PaddingModifier.swift */,
				A97F17FF293A2A0B0012C938 /* CornerRadiusModifier.swift */,
				A97F1806293A330F0012C938 /* FontModifier.swift */,
				A97F1810293A5B070012C938 /* OpacityModifier.swift */,
			);
			path = Modifiers;
			sourceTree = "<group>";
		};
		A97F1801293A2EEF0012C938 /* BaseComponents */ = {
			isa = PBXGroup;
			children = (
				A97F17E9293A25AD0012C938 /* LogoTopBar.swift */,
				A97F1802293A2F0A0012C938 /* BaseTextField.swift */,
				A9E14F6B293B97A500F1F6D8 /* HeadlineContainer.swift */,
				A9E14F6D293B98DC00F1F6D8 /* BaseProbContainer.swift */,
				A9E14F6F293BA3A000F1F6D8 /* PageIndicator.swift */,
				A9E14F71293BAC7200F1F6D8 /* GameContainer.swift */,
				A9E14F73293BB4CC00F1F6D8 /* GameHeader.swift */,
			);
			path = BaseComponents;
			sourceTree = "<group>";
		};
		A97F181D293A7B9D0012C938 /* Models */ = {
			isa = PBXGroup;
			children = (
				A9ED637F293BD95E00082445 /* Bets */,
				A9ED637E293BD94E00082445 /* Login */,
			);
			path = Models;
			sourceTree = "<group>";
		};
		A9ED637E293BD94E00082445 /* Login */ = {
			isa = PBXGroup;
			children = (
				A97F181E293A7BBC0012C938 /* LoginModel.swift */,
				A97F1820293A7C5C0012C938 /* LoginResponseModel.swift */,
			);
			path = Login;
			sourceTree = "<group>";
		};
		A9ED637F293BD95E00082445 /* Bets */ = {
			isa = PBXGroup;
			children = (
				A9ED6379293BD27500082445 /* HeadlineModel.swift */,
				A9ED6380293BD97900082445 /* GameModel.swift */,
			);
			path = Bets;
			sourceTree = "<group>";
		};
/* End PBXGroup section */

/* Begin PBXNativeTarget section */
		A97F17AA293A1B770012C938 /* Novibet */ = {
			isa = PBXNativeTarget;
			buildConfigurationList = A97F17CF293A1B770012C938 /* Build configuration list for PBXNativeTarget "Novibet" */;
			buildPhases = (
				A97F17A7293A1B770012C938 /* Sources */,
				A97F17A8293A1B770012C938 /* Frameworks */,
				A97F17A9293A1B770012C938 /* Resources */,
			);
			buildRules = (
			);
			dependencies = (
			);
			name = Novibet;
			packageProductDependencies = (
				A97F1819293A78ED0012C938 /* Alamofire */,
			);
			productName = Novibet;
			productReference = A97F17AB293A1B770012C938 /* Novibet.app */;
			productType = "com.apple.product-type.application";
		};
		A97F17BA293A1B770012C938 /* NovibetTests */ = {
			isa = PBXNativeTarget;
			buildConfigurationList = A97F17D2293A1B770012C938 /* Build configuration list for PBXNativeTarget "NovibetTests" */;
			buildPhases = (
				A97F17B7293A1B770012C938 /* Sources */,
				A97F17B8293A1B770012C938 /* Frameworks */,
				A97F17B9293A1B770012C938 /* Resources */,
			);
			buildRules = (
			);
			dependencies = (
				A97F17BD293A1B770012C938 /* PBXTargetDependency */,
			);
			name = NovibetTests;
			productName = NovibetTests;
			productReference = A97F17BB293A1B770012C938 /* NovibetTests.xctest */;
			productType = "com.apple.product-type.bundle.unit-test";
		};
		A97F17C4293A1B770012C938 /* NovibetUITests */ = {
			isa = PBXNativeTarget;
			buildConfigurationList = A97F17D5293A1B770012C938 /* Build configuration list for PBXNativeTarget "NovibetUITests" */;
			buildPhases = (
				A97F17C1293A1B770012C938 /* Sources */,
				A97F17C2293A1B770012C938 /* Frameworks */,
				A97F17C3293A1B770012C938 /* Resources */,
			);
			buildRules = (
			);
			dependencies = (
				A97F17C7293A1B770012C938 /* PBXTargetDependency */,
			);
			name = NovibetUITests;
			productName = NovibetUITests;
			productReference = A97F17C5293A1B770012C938 /* NovibetUITests.xctest */;
			productType = "com.apple.product-type.bundle.ui-testing";
		};
/* End PBXNativeTarget section */

/* Begin PBXProject section */
		A97F17A3293A1B760012C938 /* Project object */ = {
			isa = PBXProject;
			attributes = {
				BuildIndependentTargetsInParallel = 1;
				LastSwiftUpdateCheck = 1410;
				LastUpgradeCheck = 1410;
				TargetAttributes = {
					A97F17AA293A1B770012C938 = {
						CreatedOnToolsVersion = 14.1;
					};
					A97F17BA293A1B770012C938 = {
						CreatedOnToolsVersion = 14.1;
						TestTargetID = A97F17AA293A1B770012C938;
					};
					A97F17C4293A1B770012C938 = {
						CreatedOnToolsVersion = 14.1;
						TestTargetID = A97F17AA293A1B770012C938;
					};
				};
			};
			buildConfigurationList = A97F17A6293A1B760012C938 /* Build configuration list for PBXProject "Novibet" */;
			compatibilityVersion = "Xcode 14.0";
			developmentRegion = en;
			hasScannedForEncodings = 0;
			knownRegions = (
				en,
				Base,
			);
			mainGroup = A97F17A2293A1B760012C938;
			packageReferences = (
				A97F1818293A78ED0012C938 /* XCRemoteSwiftPackageReference "Alamofire" */,
			);
			productRefGroup = A97F17AC293A1B770012C938 /* Products */;
			projectDirPath = "";
			projectRoot = "";
			targets = (
				A97F17AA293A1B770012C938 /* Novibet */,
				A97F17BA293A1B770012C938 /* NovibetTests */,
				A97F17C4293A1B770012C938 /* NovibetUITests */,
			);
		};
/* End PBXProject section */

/* Begin PBXResourcesBuildPhase section */
		A97F17A9293A1B770012C938 /* Resources */ = {
			isa = PBXResourcesBuildPhase;
			buildActionMask = 2147483647;
			files = (
				A97F17B6293A1B770012C938 /* Preview Assets.xcassets in Resources */,
				A97F17B3293A1B770012C938 /* Assets.xcassets in Resources */,
			);
			runOnlyForDeploymentPostprocessing = 0;
		};
		A97F17B9293A1B770012C938 /* Resources */ = {
			isa = PBXResourcesBuildPhase;
			buildActionMask = 2147483647;
			files = (
			);
			runOnlyForDeploymentPostprocessing = 0;
		};
		A97F17C3293A1B770012C938 /* Resources */ = {
			isa = PBXResourcesBuildPhase;
			buildActionMask = 2147483647;
			files = (
			);
			runOnlyForDeploymentPostprocessing = 0;
		};
/* End PBXResourcesBuildPhase section */

/* Begin PBXSourcesBuildPhase section */
		A97F17A7293A1B770012C938 /* Sources */ = {
			isa = PBXSourcesBuildPhase;
			buildActionMask = 2147483647;
			files = (
				A97F1815293A6EF10012C938 /* TextFieldValidator.swift in Sources */,
				A97F181F293A7BBC0012C938 /* LoginModel.swift in Sources */,
				A97F17B1293A1B770012C938 /* ContentView.swift in Sources */,
				A9E14F6C293B97A500F1F6D8 /* HeadlineContainer.swift in Sources */,
				A9E14F6E293B98DC00F1F6D8 /* BaseProbContainer.swift in Sources */,
				A9ED636F293BCE2F00082445 /* BetVM.swift in Sources */,
				A97F180D293A5AB60012C938 /* Double+.swift in Sources */,
				A97F181C293A7B230012C938 /* APIManager.swift in Sources */,
				A97F1811293A5B070012C938 /* OpacityModifier.swift in Sources */,
				A97F1809293A4EFF0012C938 /* Text+.swift in Sources */,
				A97F17EC293A25DD0012C938 /* Image+.swift in Sources */,
				A9ED6381293BD97900082445 /* GameModel.swift in Sources */,
				A9E14F72293BAC7200F1F6D8 /* GameContainer.swift in Sources */,
				A97F1803293A2F0A0012C938 /* BaseTextField.swift in Sources */,
				A97F1823293A7E190012C938 /* NetworkError.swift in Sources */,
				A97F1817293A6F480012C938 /* Constants.swift in Sources */,
				A97F17EA293A25AD0012C938 /* LogoTopBar.swift in Sources */,
				A9E14F70293BA3A000F1F6D8 /* PageIndicator.swift in Sources */,
				A97F17E6293A20D80012C938 /* Color+.swift in Sources */,
				A97F1805293A32EE0012C938 /* FontFamilyEnum.swift in Sources */,
				A97F180F293A5AC50012C938 /* OpacityEnum.swift in Sources */,
				A97F17FE293A29DA0012C938 /* PaddingModifier.swift in Sources */,
				A97F17F1293A279E0012C938 /* CGFloat+.swift in Sources */,
				A97F17E8293A22C40012C938 /* LoginView.swift in Sources */,
				A9E14F74293BB4CC00F1F6D8 /* GameHeader.swift in Sources */,
				A97F17FB293A29370012C938 /* WidthsEnum.swift in Sources */,
				A97F180B293A4F490012C938 /* TextEnum.swift in Sources */,
				A97F17F5293A284B0012C938 /* FontSizesEnum.swift in Sources */,
				A9ED637A293BD27500082445 /* HeadlineModel.swift in Sources */,
				A97F1807293A330F0012C938 /* FontModifier.swift in Sources */,
				A97F1821293A7C5C0012C938 /* LoginResponseModel.swift in Sources */,
				A97F17EF293A26170012C938 /* AssetsEnum.swift in Sources */,
				A97F17F3293A27E30012C938 /* PaddingsEnum.swift in Sources */,
				A97F17F9293A28F50012C938 /* HeightsEnum.swift in Sources */,
				A97F1813293A69210012C938 /* LoginVM.swift in Sources */,
				A97F17F7293A288A0012C938 /* CornerRadiusEnum.swift in Sources */,
				A97F1800293A2A0B0012C938 /* CornerRadiusModifier.swift in Sources */,
				A97F17AF293A1B770012C938 /* NovibetApp.swift in Sources */,
				A92C23E9293AC06E0095C1B5 /* BetView.swift in Sources */,
			);
			runOnlyForDeploymentPostprocessing = 0;
		};
		A97F17B7293A1B770012C938 /* Sources */ = {
			isa = PBXSourcesBuildPhase;
			buildActionMask = 2147483647;
			files = (
				A97F17C0293A1B770012C938 /* NovibetTests.swift in Sources */,
			);
			runOnlyForDeploymentPostprocessing = 0;
		};
		A97F17C1293A1B770012C938 /* Sources */ = {
			isa = PBXSourcesBuildPhase;
			buildActionMask = 2147483647;
			files = (
				A97F17CC293A1B770012C938 /* NovibetUITestsLaunchTests.swift in Sources */,
				A97F17CA293A1B770012C938 /* NovibetUITests.swift in Sources */,
			);
			runOnlyForDeploymentPostprocessing = 0;
		};
/* End PBXSourcesBuildPhase section */

/* Begin PBXTargetDependency section */
		A97F17BD293A1B770012C938 /* PBXTargetDependency */ = {
			isa = PBXTargetDependency;
			target = A97F17AA293A1B770012C938 /* Novibet */;
			targetProxy = A97F17BC293A1B770012C938 /* PBXContainerItemProxy */;
		};
		A97F17C7293A1B770012C938 /* PBXTargetDependency */ = {
			isa = PBXTargetDependency;
			target = A97F17AA293A1B770012C938 /* Novibet */;
			targetProxy = A97F17C6293A1B770012C938 /* PBXContainerItemProxy */;
		};
/* End PBXTargetDependency section */

/* Begin XCBuildConfiguration section */
		A97F17CD293A1B770012C938 /* Debug */ = {
			isa = XCBuildConfiguration;
			buildSettings = {
				ALWAYS_SEARCH_USER_PATHS = NO;
				CLANG_ANALYZER_NONNULL = YES;
				CLANG_ANALYZER_NUMBER_OBJECT_CONVERSION = YES_AGGRESSIVE;
				CLANG_CXX_LANGUAGE_STANDARD = "gnu++20";
				CLANG_ENABLE_MODULES = YES;
				CLANG_ENABLE_OBJC_ARC = YES;
				CLANG_ENABLE_OBJC_WEAK = YES;
				CLANG_WARN_BLOCK_CAPTURE_AUTORELEASING = YES;
				CLANG_WARN_BOOL_CONVERSION = YES;
				CLANG_WARN_COMMA = YES;
				CLANG_WARN_CONSTANT_CONVERSION = YES;
				CLANG_WARN_DEPRECATED_OBJC_IMPLEMENTATIONS = YES;
				CLANG_WARN_DIRECT_OBJC_ISA_USAGE = YES_ERROR;
				CLANG_WARN_DOCUMENTATION_COMMENTS = YES;
				CLANG_WARN_EMPTY_BODY = YES;
				CLANG_WARN_ENUM_CONVERSION = YES;
				CLANG_WARN_INFINITE_RECURSION = YES;
				CLANG_WARN_INT_CONVERSION = YES;
				CLANG_WARN_NON_LITERAL_NULL_CONVERSION = YES;
				CLANG_WARN_OBJC_IMPLICIT_RETAIN_SELF = YES;
				CLANG_WARN_OBJC_LITERAL_CONVERSION = YES;
				CLANG_WARN_OBJC_ROOT_CLASS = YES_ERROR;
				CLANG_WARN_QUOTED_INCLUDE_IN_FRAMEWORK_HEADER = YES;
				CLANG_WARN_RANGE_LOOP_ANALYSIS = YES;
				CLANG_WARN_STRICT_PROTOTYPES = YES;
				CLANG_WARN_SUSPICIOUS_MOVE = YES;
				CLANG_WARN_UNGUARDED_AVAILABILITY = YES_AGGRESSIVE;
				CLANG_WARN_UNREACHABLE_CODE = YES;
				CLANG_WARN__DUPLICATE_METHOD_MATCH = YES;
				COPY_PHASE_STRIP = NO;
				DEBUG_INFORMATION_FORMAT = dwarf;
				ENABLE_STRICT_OBJC_MSGSEND = YES;
				ENABLE_TESTABILITY = YES;
				GCC_C_LANGUAGE_STANDARD = gnu11;
				GCC_DYNAMIC_NO_PIC = NO;
				GCC_NO_COMMON_BLOCKS = YES;
				GCC_OPTIMIZATION_LEVEL = 0;
				GCC_PREPROCESSOR_DEFINITIONS = (
					"DEBUG=1",
					"$(inherited)",
				);
				GCC_WARN_64_TO_32_BIT_CONVERSION = YES;
				GCC_WARN_ABOUT_RETURN_TYPE = YES_ERROR;
				GCC_WARN_UNDECLARED_SELECTOR = YES;
				GCC_WARN_UNINITIALIZED_AUTOS = YES_AGGRESSIVE;
				GCC_WARN_UNUSED_FUNCTION = YES;
				GCC_WARN_UNUSED_VARIABLE = YES;
				IPHONEOS_DEPLOYMENT_TARGET = 16.1;
				MTL_ENABLE_DEBUG_INFO = INCLUDE_SOURCE;
				MTL_FAST_MATH = YES;
				ONLY_ACTIVE_ARCH = YES;
				SDKROOT = iphoneos;
				SWIFT_ACTIVE_COMPILATION_CONDITIONS = DEBUG;
				SWIFT_OPTIMIZATION_LEVEL = "-Onone";
			};
			name = Debug;
		};
		A97F17CE293A1B770012C938 /* Release */ = {
			isa = XCBuildConfiguration;
			buildSettings = {
				ALWAYS_SEARCH_USER_PATHS = NO;
				CLANG_ANALYZER_NONNULL = YES;
				CLANG_ANALYZER_NUMBER_OBJECT_CONVERSION = YES_AGGRESSIVE;
				CLANG_CXX_LANGUAGE_STANDARD = "gnu++20";
				CLANG_ENABLE_MODULES = YES;
				CLANG_ENABLE_OBJC_ARC = YES;
				CLANG_ENABLE_OBJC_WEAK = YES;
				CLANG_WARN_BLOCK_CAPTURE_AUTORELEASING = YES;
				CLANG_WARN_BOOL_CONVERSION = YES;
				CLANG_WARN_COMMA = YES;
				CLANG_WARN_CONSTANT_CONVERSION = YES;
				CLANG_WARN_DEPRECATED_OBJC_IMPLEMENTATIONS = YES;
				CLANG_WARN_DIRECT_OBJC_ISA_USAGE = YES_ERROR;
				CLANG_WARN_DOCUMENTATION_COMMENTS = YES;
				CLANG_WARN_EMPTY_BODY = YES;
				CLANG_WARN_ENUM_CONVERSION = YES;
				CLANG_WARN_INFINITE_RECURSION = YES;
				CLANG_WARN_INT_CONVERSION = YES;
				CLANG_WARN_NON_LITERAL_NULL_CONVERSION = YES;
				CLANG_WARN_OBJC_IMPLICIT_RETAIN_SELF = YES;
				CLANG_WARN_OBJC_LITERAL_CONVERSION = YES;
				CLANG_WARN_OBJC_ROOT_CLASS = YES_ERROR;
				CLANG_WARN_QUOTED_INCLUDE_IN_FRAMEWORK_HEADER = YES;
				CLANG_WARN_RANGE_LOOP_ANALYSIS = YES;
				CLANG_WARN_STRICT_PROTOTYPES = YES;
				CLANG_WARN_SUSPICIOUS_MOVE = YES;
				CLANG_WARN_UNGUARDED_AVAILABILITY = YES_AGGRESSIVE;
				CLANG_WARN_UNREACHABLE_CODE = YES;
				CLANG_WARN__DUPLICATE_METHOD_MATCH = YES;
				COPY_PHASE_STRIP = NO;
				DEBUG_INFORMATION_FORMAT = "dwarf-with-dsym";
				ENABLE_NS_ASSERTIONS = NO;
				ENABLE_STRICT_OBJC_MSGSEND = YES;
				GCC_C_LANGUAGE_STANDARD = gnu11;
				GCC_NO_COMMON_BLOCKS = YES;
				GCC_WARN_64_TO_32_BIT_CONVERSION = YES;
				GCC_WARN_ABOUT_RETURN_TYPE = YES_ERROR;
				GCC_WARN_UNDECLARED_SELECTOR = YES;
				GCC_WARN_UNINITIALIZED_AUTOS = YES_AGGRESSIVE;
				GCC_WARN_UNUSED_FUNCTION = YES;
				GCC_WARN_UNUSED_VARIABLE = YES;
				IPHONEOS_DEPLOYMENT_TARGET = 16.1;
				MTL_ENABLE_DEBUG_INFO = NO;
				MTL_FAST_MATH = YES;
				SDKROOT = iphoneos;
				SWIFT_COMPILATION_MODE = wholemodule;
				SWIFT_OPTIMIZATION_LEVEL = "-O";
				VALIDATE_PRODUCT = YES;
			};
			name = Release;
		};
		A97F17D0293A1B770012C938 /* Debug */ = {
			isa = XCBuildConfiguration;
			buildSettings = {
				ASSETCATALOG_COMPILER_APPICON_NAME = AppIcon;
				ASSETCATALOG_COMPILER_GLOBAL_ACCENT_COLOR_NAME = AccentColor;
				CODE_SIGN_STYLE = Automatic;
				CURRENT_PROJECT_VERSION = 1;
				DEVELOPMENT_ASSET_PATHS = "\"Novibet/Preview Content\"";
				ENABLE_PREVIEWS = YES;
				GENERATE_INFOPLIST_FILE = YES;
				INFOPLIST_FILE = Novibet/Info.plist;
				INFOPLIST_KEY_UIApplicationSceneManifest_Generation = YES;
				INFOPLIST_KEY_UIApplicationSupportsIndirectInputEvents = YES;
				INFOPLIST_KEY_UILaunchScreen_Generation = YES;
				INFOPLIST_KEY_UISupportedInterfaceOrientations_iPad = "UIInterfaceOrientationPortrait UIInterfaceOrientationPortraitUpsideDown UIInterfaceOrientationLandscapeLeft UIInterfaceOrientationLandscapeRight";
				INFOPLIST_KEY_UISupportedInterfaceOrientations_iPhone = "UIInterfaceOrientationPortrait UIInterfaceOrientationLandscapeLeft UIInterfaceOrientationLandscapeRight";
				LD_RUNPATH_SEARCH_PATHS = (
					"$(inherited)",
					"@executable_path/Frameworks",
				);
				MARKETING_VERSION = 1.0;
				PRODUCT_BUNDLE_IDENTIFIER = "bill-polizos.Novibet";
				PRODUCT_NAME = "$(TARGET_NAME)";
				SWIFT_EMIT_LOC_STRINGS = YES;
				SWIFT_VERSION = 5.0;
				TARGETED_DEVICE_FAMILY = "1,2";
			};
			name = Debug;
		};
		A97F17D1293A1B770012C938 /* Release */ = {
			isa = XCBuildConfiguration;
			buildSettings = {
				ASSETCATALOG_COMPILER_APPICON_NAME = AppIcon;
				ASSETCATALOG_COMPILER_GLOBAL_ACCENT_COLOR_NAME = AccentColor;
				CODE_SIGN_STYLE = Automatic;
				CURRENT_PROJECT_VERSION = 1;
				DEVELOPMENT_ASSET_PATHS = "\"Novibet/Preview Content\"";
				ENABLE_PREVIEWS = YES;
				GENERATE_INFOPLIST_FILE = YES;
				INFOPLIST_FILE = Novibet/Info.plist;
				INFOPLIST_KEY_UIApplicationSceneManifest_Generation = YES;
				INFOPLIST_KEY_UIApplicationSupportsIndirectInputEvents = YES;
				INFOPLIST_KEY_UILaunchScreen_Generation = YES;
				INFOPLIST_KEY_UISupportedInterfaceOrientations_iPad = "UIInterfaceOrientationPortrait UIInterfaceOrientationPortraitUpsideDown UIInterfaceOrientationLandscapeLeft UIInterfaceOrientationLandscapeRight";
				INFOPLIST_KEY_UISupportedInterfaceOrientations_iPhone = "UIInterfaceOrientationPortrait UIInterfaceOrientationLandscapeLeft UIInterfaceOrientationLandscapeRight";
				LD_RUNPATH_SEARCH_PATHS = (
					"$(inherited)",
					"@executable_path/Frameworks",
				);
				MARKETING_VERSION = 1.0;
				PRODUCT_BUNDLE_IDENTIFIER = "bill-polizos.Novibet";
				PRODUCT_NAME = "$(TARGET_NAME)";
				SWIFT_EMIT_LOC_STRINGS = YES;
				SWIFT_VERSION = 5.0;
				TARGETED_DEVICE_FAMILY = "1,2";
			};
			name = Release;
		};
		A97F17D3293A1B770012C938 /* Debug */ = {
			isa = XCBuildConfiguration;
			buildSettings = {
				ALWAYS_EMBED_SWIFT_STANDARD_LIBRARIES = YES;
				BUNDLE_LOADER = "$(TEST_HOST)";
				CODE_SIGN_STYLE = Automatic;
				CURRENT_PROJECT_VERSION = 1;
				GENERATE_INFOPLIST_FILE = YES;
				IPHONEOS_DEPLOYMENT_TARGET = 16.1;
				MARKETING_VERSION = 1.0;
				PRODUCT_BUNDLE_IDENTIFIER = "bill-polizos.NovibetTests";
				PRODUCT_NAME = "$(TARGET_NAME)";
				SWIFT_EMIT_LOC_STRINGS = NO;
				SWIFT_VERSION = 5.0;
				TARGETED_DEVICE_FAMILY = "1,2";
				TEST_HOST = "$(BUILT_PRODUCTS_DIR)/Novibet.app/$(BUNDLE_EXECUTABLE_FOLDER_PATH)/Novibet";
			};
			name = Debug;
		};
		A97F17D4293A1B770012C938 /* Release */ = {
			isa = XCBuildConfiguration;
			buildSettings = {
				ALWAYS_EMBED_SWIFT_STANDARD_LIBRARIES = YES;
				BUNDLE_LOADER = "$(TEST_HOST)";
				CODE_SIGN_STYLE = Automatic;
				CURRENT_PROJECT_VERSION = 1;
				GENERATE_INFOPLIST_FILE = YES;
				IPHONEOS_DEPLOYMENT_TARGET = 16.1;
				MARKETING_VERSION = 1.0;
				PRODUCT_BUNDLE_IDENTIFIER = "bill-polizos.NovibetTests";
				PRODUCT_NAME = "$(TARGET_NAME)";
				SWIFT_EMIT_LOC_STRINGS = NO;
				SWIFT_VERSION = 5.0;
				TARGETED_DEVICE_FAMILY = "1,2";
				TEST_HOST = "$(BUILT_PRODUCTS_DIR)/Novibet.app/$(BUNDLE_EXECUTABLE_FOLDER_PATH)/Novibet";
			};
			name = Release;
		};
		A97F17D6293A1B770012C938 /* Debug */ = {
			isa = XCBuildConfiguration;
			buildSettings = {
				ALWAYS_EMBED_SWIFT_STANDARD_LIBRARIES = YES;
				CODE_SIGN_STYLE = Automatic;
				CURRENT_PROJECT_VERSION = 1;
				GENERATE_INFOPLIST_FILE = YES;
				MARKETING_VERSION = 1.0;
				PRODUCT_BUNDLE_IDENTIFIER = "bill-polizos.NovibetUITests";
				PRODUCT_NAME = "$(TARGET_NAME)";
				SWIFT_EMIT_LOC_STRINGS = NO;
				SWIFT_VERSION = 5.0;
				TARGETED_DEVICE_FAMILY = "1,2";
				TEST_TARGET_NAME = Novibet;
			};
			name = Debug;
		};
		A97F17D7293A1B770012C938 /* Release */ = {
			isa = XCBuildConfiguration;
			buildSettings = {
				ALWAYS_EMBED_SWIFT_STANDARD_LIBRARIES = YES;
				CODE_SIGN_STYLE = Automatic;
				CURRENT_PROJECT_VERSION = 1;
				GENERATE_INFOPLIST_FILE = YES;
				MARKETING_VERSION = 1.0;
				PRODUCT_BUNDLE_IDENTIFIER = "bill-polizos.NovibetUITests";
				PRODUCT_NAME = "$(TARGET_NAME)";
				SWIFT_EMIT_LOC_STRINGS = NO;
				SWIFT_VERSION = 5.0;
				TARGETED_DEVICE_FAMILY = "1,2";
				TEST_TARGET_NAME = Novibet;
			};
			name = Release;
		};
/* End XCBuildConfiguration section */

/* Begin XCConfigurationList section */
		A97F17A6293A1B760012C938 /* Build configuration list for PBXProject "Novibet" */ = {
			isa = XCConfigurationList;
			buildConfigurations = (
				A97F17CD293A1B770012C938 /* Debug */,
				A97F17CE293A1B770012C938 /* Release */,
			);
			defaultConfigurationIsVisible = 0;
			defaultConfigurationName = Release;
		};
		A97F17CF293A1B770012C938 /* Build configuration list for PBXNativeTarget "Novibet" */ = {
			isa = XCConfigurationList;
			buildConfigurations = (
				A97F17D0293A1B770012C938 /* Debug */,
				A97F17D1293A1B770012C938 /* Release */,
			);
			defaultConfigurationIsVisible = 0;
			defaultConfigurationName = Release;
		};
		A97F17D2293A1B770012C938 /* Build configuration list for PBXNativeTarget "NovibetTests" */ = {
			isa = XCConfigurationList;
			buildConfigurations = (
				A97F17D3293A1B770012C938 /* Debug */,
				A97F17D4293A1B770012C938 /* Release */,
			);
			defaultConfigurationIsVisible = 0;
			defaultConfigurationName = Release;
		};
		A97F17D5293A1B770012C938 /* Build configuration list for PBXNativeTarget "NovibetUITests" */ = {
			isa = XCConfigurationList;
			buildConfigurations = (
				A97F17D6293A1B770012C938 /* Debug */,
				A97F17D7293A1B770012C938 /* Release */,
			);
			defaultConfigurationIsVisible = 0;
			defaultConfigurationName = Release;
		};
/* End XCConfigurationList section */

/* Begin XCRemoteSwiftPackageReference section */
		A97F1818293A78ED0012C938 /* XCRemoteSwiftPackageReference "Alamofire" */ = {
			isa = XCRemoteSwiftPackageReference;
			repositoryURL = "https://github.com/Alamofire/Alamofire";
			requirement = {
				kind = upToNextMajorVersion;
				minimumVersion = 5.0.0;
			};
		};
/* End XCRemoteSwiftPackageReference section */

/* Begin XCSwiftPackageProductDependency section */
		A97F1819293A78ED0012C938 /* Alamofire */ = {
			isa = XCSwiftPackageProductDependency;
			package = A97F1818293A78ED0012C938 /* XCRemoteSwiftPackageReference "Alamofire" */;
			productName = Alamofire;
		};
/* End XCSwiftPackageProductDependency section */
	};
	rootObject = A97F17A3293A1B760012C938 /* Project object */;
}
